
Microsoft Visual Studio Solution File, Format Version 12.00
# Visual Studio 15
VisualStudioVersion = 15.0.28307.329
MinimumVisualStudioVersion = 10.0.40219.1
Project("{2150E333-8FDC-42A3-9474-1A3956D46DE8}") = "W1", "W1", "{CE57C5A8-EB2F-4F86-AB46-53868890F7F4}"
EndProject
Project("{9A19103F-16F7-4668-BE54-9A1E7A4F7556}") = "ForLause", "ForLause\ForLause.csproj", "{C0D29303-5B7D-4D30-B8BD-4A452916A6FB}"
EndProject
Project("{2150E333-8FDC-42A3-9474-1A3956D46DE8}") = "W2", "W2", "{07623F9E-8546-43F4-9375-CD0577278590}"
EndProject
Project("{9A19103F-16F7-4668-BE54-9A1E7A4F7556}") = "P1", "P1\P1.csproj", "{5C924194-44C8-48F6-B5D8-D5AF2CCF58AB}"
EndProject
Project("{2150E333-8FDC-42A3-9474-1A3956D46DE8}") = "Solution item", "Solution item", "{73BB2975-F97C-45AC-BD08-788E8E55468A}"
EndProject
Project("{9A19103F-16F7-4668-BE54-9A1E7A4F7556}") = "L15", "ConsoleApp1\L15.csproj", "{48486B7D-DC7F-4C79-B036-EC2E1FBAB45B}"
EndProject
Project("{9A19103F-16F7-4668-BE54-9A1E7A4F7556}") = "L16", "L16\L16.csproj", "{6F31CF03-9F39-4059-A0A9-B4AA7A30C209}"
EndProject
Project("{9A19103F-16F7-4668-BE54-9A1E7A4F7556}") = "L18", "MyClasses\L18.csproj", "{5E95F421-4F5C-44AC-8FC6-D2B36FA8D86E}"
EndProject
Project("{FAE04EC0-301F-11D3-BF4B-00C04F79EFBC}") = "MyClient", "MyClient\MyClient.csproj", "{99F95D16-0416-41A0-8E65-32DEC0F1F62E}"
EndProject
Project("{FAE04EC0-301F-11D3-BF4B-00C04F79EFBC}") = "L19", "L19\L19.csproj", "{F4474BE6-EC93-450F-ABF5-382E9742ED29}"
EndProject
Project("{FAE04EC0-301F-11D3-BF4B-00C04F79EFBC}") = "L20", "L20\L20.csproj", "{D9C9DD2A-83AD-4EB9-AA41-E52D872CE1D8}"
EndProject
Project("{FAE04EC0-301F-11D3-BF4B-00C04F79EFBC}") = "L21", "L21\L21.csproj", "{CA45F3D3-3045-41B4-AC94-CCAEB289AD65}"
EndProject
Project("{FAE04EC0-301F-11D3-BF4B-00C04F79EFBC}") = "L22", "L22\L22.csproj", "{3627C58F-E90D-4FEA-B885-9EA6CA3607D9}"
EndProject
Project("{FAE04EC0-301F-11D3-BF4B-00C04F79EFBC}") = "L23", "L23\L23.csproj", "{98596C88-0500-4962-9D98-5D049A2A4D9C}"
EndProject
Project("{2150E333-8FDC-42A3-9474-1A3956D46DE8}") = "html", "html", "{91C14117-1A29-487F-9FB1-B2F7557B6165}"
	ProjectSection(SolutionItems) = preProject
		C9HTMLCode\Lesson09\Before\Lesson09.html = C9HTMLCode\Lesson09\Before\Lesson09.html
	EndProjectSection
EndProject
Project("{2150E333-8FDC-42A3-9474-1A3956D46DE8}") = "W3", "W3", "{F9948DC6-41F7-468F-8616-0192CCA1D305}"
EndProject
Project("{2150E333-8FDC-42A3-9474-1A3956D46DE8}") = "W4", "W4", "{00575604-155B-4F08-BAB7-5A071FEF74A9}"
EndProject
Project("{2150E333-8FDC-42A3-9474-1A3956D46DE8}") = "W5", "W5", "{E9E3E8C4-8341-4DE7-970D-5353A9672DDE}"
EndProject
Project("{9A19103F-16F7-4668-BE54-9A1E7A4F7556}") = "ContosoUniversity", "ContosoUniversity\ContosoUniversity.csproj", "{8C4CD6E8-DF5F-4BAC-B182-4C9378146D20}"
EndProject
Project("{FAE04EC0-301F-11D3-BF4B-00C04F79EFBC}") = "ContosoUniversity1", "ContosoUniversity1\ContosoUniversity1.csproj", "{3A52F48D-3CDD-4C78-A76B-5B0F5E94EB31}"
EndProject
Global
	GlobalSection(SolutionConfigurationPlatforms) = preSolution
		Debug|Any CPU = Debug|Any CPU
		Release|Any CPU = Release|Any CPU
	EndGlobalSection
	GlobalSection(ProjectConfigurationPlatforms) = postSolution
		{C0D29303-5B7D-4D30-B8BD-4A452916A6FB}.Debug|Any CPU.ActiveCfg = Debug|Any CPU
		{C0D29303-5B7D-4D30-B8BD-4A452916A6FB}.Debug|Any CPU.Build.0 = Debug|Any CPU
		{C0D29303-5B7D-4D30-B8BD-4A452916A6FB}.Release|Any CPU.ActiveCfg = Release|Any CPU
		{C0D29303-5B7D-4D30-B8BD-4A452916A6FB}.Release|Any CPU.Build.0 = Release|Any CPU
		{5C924194-44C8-48F6-B5D8-D5AF2CCF58AB}.Debug|Any CPU.ActiveCfg = Debug|Any CPU
		{5C924194-44C8-48F6-B5D8-D5AF2CCF58AB}.Debug|Any CPU.Build.0 = Debug|Any CPU
		{5C924194-44C8-48F6-B5D8-D5AF2CCF58AB}.Release|Any CPU.ActiveCfg = Release|Any CPU
		{5C924194-44C8-48F6-B5D8-D5AF2CCF58AB}.Release|Any CPU.Build.0 = Release|Any CPU
		{48486B7D-DC7F-4C79-B036-EC2E1FBAB45B}.Debug|Any CPU.ActiveCfg = Debug|Any CPU
		{48486B7D-DC7F-4C79-B036-EC2E1FBAB45B}.Debug|Any CPU.Build.0 = Debug|Any CPU
		{48486B7D-DC7F-4C79-B036-EC2E1FBAB45B}.Release|Any CPU.ActiveCfg = Release|Any CPU
		{48486B7D-DC7F-4C79-B036-EC2E1FBAB45B}.Release|Any CPU.Build.0 = Release|Any CPU
		{6F31CF03-9F39-4059-A0A9-B4AA7A30C209}.Debug|Any CPU.ActiveCfg = Debug|Any CPU
		{6F31CF03-9F39-4059-A0A9-B4AA7A30C209}.Debug|Any CPU.Build.0 = Debug|Any CPU
		{6F31CF03-9F39-4059-A0A9-B4AA7A30C209}.Release|Any CPU.ActiveCfg = Release|Any CPU
		{6F31CF03-9F39-4059-A0A9-B4AA7A30C209}.Release|Any CPU.Build.0 = Release|Any CPU
		{5E95F421-4F5C-44AC-8FC6-D2B36FA8D86E}.Debug|Any CPU.ActiveCfg = Debug|Any CPU
		{5E95F421-4F5C-44AC-8FC6-D2B36FA8D86E}.Debug|Any CPU.Build.0 = Debug|Any CPU
		{5E95F421-4F5C-44AC-8FC6-D2B36FA8D86E}.Release|Any CPU.ActiveCfg = Release|Any CPU
		{5E95F421-4F5C-44AC-8FC6-D2B36FA8D86E}.Release|Any CPU.Build.0 = Release|Any CPU
		{99F95D16-0416-41A0-8E65-32DEC0F1F62E}.Debug|Any CPU.ActiveCfg = Debug|Any CPU
		{99F95D16-0416-41A0-8E65-32DEC0F1F62E}.Debug|Any CPU.Build.0 = Debug|Any CPU
		{99F95D16-0416-41A0-8E65-32DEC0F1F62E}.Release|Any CPU.ActiveCfg = Release|Any CPU
		{99F95D16-0416-41A0-8E65-32DEC0F1F62E}.Release|Any CPU.Build.0 = Release|Any CPU
		{F4474BE6-EC93-450F-ABF5-382E9742ED29}.Debug|Any CPU.ActiveCfg = Debug|Any CPU
		{F4474BE6-EC93-450F-ABF5-382E9742ED29}.Debug|Any CPU.Build.0 = Debug|Any CPU
		{F4474BE6-EC93-450F-ABF5-382E9742ED29}.Release|Any CPU.ActiveCfg = Release|Any CPU
		{F4474BE6-EC93-450F-ABF5-382E9742ED29}.Release|Any CPU.Build.0 = Release|Any CPU
		{D9C9DD2A-83AD-4EB9-AA41-E52D872CE1D8}.Debug|Any CPU.ActiveCfg = Debug|Any CPU
		{D9C9DD2A-83AD-4EB9-AA41-E52D872CE1D8}.Debug|Any CPU.Build.0 = Debug|Any CPU
		{D9C9DD2A-83AD-4EB9-AA41-E52D872CE1D8}.Release|Any CPU.ActiveCfg = Release|Any CPU
		{D9C9DD2A-83AD-4EB9-AA41-E52D872CE1D8}.Release|Any CPU.Build.0 = Release|Any CPU
		{CA45F3D3-3045-41B4-AC94-CCAEB289AD65}.Debug|Any CPU.ActiveCfg = Debug|Any CPU
		{CA45F3D3-3045-41B4-AC94-CCAEB289AD65}.Debug|Any CPU.Build.0 = Debug|Any CPU
		{CA45F3D3-3045-41B4-AC94-CCAEB289AD65}.Release|Any CPU.ActiveCfg = Release|Any CPU
		{CA45F3D3-3045-41B4-AC94-CCAEB289AD65}.Release|Any CPU.Build.0 = Release|Any CPU
		{3627C58F-E90D-4FEA-B885-9EA6CA3607D9}.Debug|Any CPU.ActiveCfg = Debug|Any CPU
		{3627C58F-E90D-4FEA-B885-9EA6CA3607D9}.Debug|Any CPU.Build.0 = Debug|Any CPU
		{3627C58F-E90D-4FEA-B885-9EA6CA3607D9}.Release|Any CPU.ActiveCfg = Release|Any CPU
		{3627C58F-E90D-4FEA-B885-9EA6CA3607D9}.Release|Any CPU.Build.0 = Release|Any CPU
		{98596C88-0500-4962-9D98-5D049A2A4D9C}.Debug|Any CPU.ActiveCfg = Debug|Any CPU
		{98596C88-0500-4962-9D98-5D049A2A4D9C}.Debug|Any CPU.Build.0 = Debug|Any CPU
		{98596C88-0500-4962-9D98-5D049A2A4D9C}.Release|Any CPU.ActiveCfg = Release|Any CPU
		{98596C88-0500-4962-9D98-5D049A2A4D9C}.Release|Any CPU.Build.0 = Release|Any CPU
		{8C4CD6E8-DF5F-4BAC-B182-4C9378146D20}.Debug|Any CPU.ActiveCfg = Debug|Any CPU
		{8C4CD6E8-DF5F-4BAC-B182-4C9378146D20}.Debug|Any CPU.Build.0 = Debug|Any CPU
		{8C4CD6E8-DF5F-4BAC-B182-4C9378146D20}.Release|Any CPU.ActiveCfg = Release|Any CPU
		{8C4CD6E8-DF5F-4BAC-B182-4C9378146D20}.Release|Any CPU.Build.0 = Release|Any CPU
		{3A52F48D-3CDD-4C78-A76B-5B0F5E94EB31}.Debug|Any CPU.ActiveCfg = Debug|Any CPU
		{3A52F48D-3CDD-4C78-A76B-5B0F5E94EB31}.Debug|Any CPU.Build.0 = Debug|Any CPU
		{3A52F48D-3CDD-4C78-A76B-5B0F5E94EB31}.Release|Any CPU.ActiveCfg = Release|Any CPU
		{3A52F48D-3CDD-4C78-A76B-5B0F5E94EB31}.Release|Any CPU.Build.0 = Release|Any CPU
	EndGlobalSection
	GlobalSection(SolutionProperties) = preSolution
		HideSolutionNode = FALSE
	EndGlobalSection
	GlobalSection(NestedProjects) = preSolution
		{C0D29303-5B7D-4D30-B8BD-4A452916A6FB} = {CE57C5A8-EB2F-4F86-AB46-53868890F7F4}
		{5C924194-44C8-48F6-B5D8-D5AF2CCF58AB} = {07623F9E-8546-43F4-9375-CD0577278590}
		{48486B7D-DC7F-4C79-B036-EC2E1FBAB45B} = {CE57C5A8-EB2F-4F86-AB46-53868890F7F4}
		{6F31CF03-9F39-4059-A0A9-B4AA7A30C209} = {CE57C5A8-EB2F-4F86-AB46-53868890F7F4}
		{5E95F421-4F5C-44AC-8FC6-D2B36FA8D86E} = {CE57C5A8-EB2F-4F86-AB46-53868890F7F4}
		{99F95D16-0416-41A0-8E65-32DEC0F1F62E} = {CE57C5A8-EB2F-4F86-AB46-53868890F7F4}
		{F4474BE6-EC93-450F-ABF5-382E9742ED29} = {CE57C5A8-EB2F-4F86-AB46-53868890F7F4}
		{D9C9DD2A-83AD-4EB9-AA41-E52D872CE1D8} = {CE57C5A8-EB2F-4F86-AB46-53868890F7F4}
		{CA45F3D3-3045-41B4-AC94-CCAEB289AD65} = {CE57C5A8-EB2F-4F86-AB46-53868890F7F4}
		{3627C58F-E90D-4FEA-B885-9EA6CA3607D9} = {CE57C5A8-EB2F-4F86-AB46-53868890F7F4}
		{98596C88-0500-4962-9D98-5D049A2A4D9C} = {CE57C5A8-EB2F-4F86-AB46-53868890F7F4}
		{91C14117-1A29-487F-9FB1-B2F7557B6165} = {07623F9E-8546-43F4-9375-CD0577278590}
	EndGlobalSection
	GlobalSection(ExtensibilityGlobals) = postSolution
		SolutionGuid = {A549FDAD-24AE-4358-A1B3-A203374A018C}
	EndGlobalSection
EndGlobal
