
Microsoft Visual Studio Solution File, Format Version 12.00
# Visual Studio 15
VisualStudioVersion = 15.0.28307.168
MinimumVisualStudioVersion = 10.0.40219.1
Project("{2150E333-8FDC-42A3-9474-1A3956D46DE8}") = "W1", "W1", "{CE57C5A8-EB2F-4F86-AB46-53868890F7F4}"
EndProject
Project("{9A19103F-16F7-4668-BE54-9A1E7A4F7556}") = "ForLause", "ForLause\ForLause.csproj", "{C0D29303-5B7D-4D30-B8BD-4A452916A6FB}"
EndProject
Project("{2150E333-8FDC-42A3-9474-1A3956D46DE8}") = "W2", "W2", "{07623F9E-8546-43F4-9375-CD0577278590}"
EndProject
Project("{9A19103F-16F7-4668-BE54-9A1E7A4F7556}") = "P1", "P1\P1.csproj", "{5C924194-44C8-48F6-B5D8-D5AF2CCF58AB}"
EndProject
Project("{2150E333-8FDC-42A3-9474-1A3956D46DE8}") = "Files", "Files", "{73BB2975-F97C-45AC-BD08-788E8E55468A}"
EndProject
Project("{FAE04EC0-301F-11D3-BF4B-00C04F79EFBC}") = "L15", "ConsoleApp1\L15.csproj", "{48486B7D-DC7F-4C79-B036-EC2E1FBAB45B}"
EndProject
Global
	GlobalSection(SolutionConfigurationPlatforms) = preSolution
		Debug|Any CPU = Debug|Any CPU
		Release|Any CPU = Release|Any CPU
	EndGlobalSection
	GlobalSection(ProjectConfigurationPlatforms) = postSolution
		{C0D29303-5B7D-4D30-B8BD-4A452916A6FB}.Debug|Any CPU.ActiveCfg = Debug|Any CPU
		{C0D29303-5B7D-4D30-B8BD-4A452916A6FB}.Debug|Any CPU.Build.0 = Debug|Any CPU
		{C0D29303-5B7D-4D30-B8BD-4A452916A6FB}.Release|Any CPU.ActiveCfg = Release|Any CPU
		{C0D29303-5B7D-4D30-B8BD-4A452916A6FB}.Release|Any CPU.Build.0 = Release|Any CPU
		{5C924194-44C8-48F6-B5D8-D5AF2CCF58AB}.Debug|Any CPU.ActiveCfg = Debug|Any CPU
		{5C924194-44C8-48F6-B5D8-D5AF2CCF58AB}.Debug|Any CPU.Build.0 = Debug|Any CPU
		{5C924194-44C8-48F6-B5D8-D5AF2CCF58AB}.Release|Any CPU.ActiveCfg = Release|Any CPU
		{5C924194-44C8-48F6-B5D8-D5AF2CCF58AB}.Release|Any CPU.Build.0 = Release|Any CPU
		{48486B7D-DC7F-4C79-B036-EC2E1FBAB45B}.Debug|Any CPU.ActiveCfg = Debug|Any CPU
		{48486B7D-DC7F-4C79-B036-EC2E1FBAB45B}.Debug|Any CPU.Build.0 = Debug|Any CPU
		{48486B7D-DC7F-4C79-B036-EC2E1FBAB45B}.Release|Any CPU.ActiveCfg = Release|Any CPU
		{48486B7D-DC7F-4C79-B036-EC2E1FBAB45B}.Release|Any CPU.Build.0 = Release|Any CPU
	EndGlobalSection
	GlobalSection(SolutionProperties) = preSolution
		HideSolutionNode = FALSE
	EndGlobalSection
	GlobalSection(NestedProjects) = preSolution
		{C0D29303-5B7D-4D30-B8BD-4A452916A6FB} = {CE57C5A8-EB2F-4F86-AB46-53868890F7F4}
		{5C924194-44C8-48F6-B5D8-D5AF2CCF58AB} = {07623F9E-8546-43F4-9375-CD0577278590}
		{48486B7D-DC7F-4C79-B036-EC2E1FBAB45B} = {CE57C5A8-EB2F-4F86-AB46-53868890F7F4}
	EndGlobalSection
	GlobalSection(ExtensibilityGlobals) = postSolution
		SolutionGuid = {A549FDAD-24AE-4358-A1B3-A203374A018C}
	EndGlobalSection
EndGlobal
